
Microsoft Visual Studio Solution File, Format Version 12.00
# Visual Studio Version 16
VisualStudioVersion = 16.0.29920.165
MinimumVisualStudioVersion = 10.0.40219.1
Project("{9A19103F-16F7-4668-BE54-9A1E7A4F7556}") = "industry9.Server", "industry9\Server\industry9.Server.csproj", "{07C2B9E5-E635-48DB-AF57-B14F018410D6}"
EndProject
Project("{9A19103F-16F7-4668-BE54-9A1E7A4F7556}") = "industry9.Client", "industry9\Client\industry9.Client.csproj", "{C238DB6E-5E9E-404B-9449-F36C28A28DEB}"
EndProject
Project("{9A19103F-16F7-4668-BE54-9A1E7A4F7556}") = "industry9.Shared", "industry9\Shared\industry9.Shared.csproj", "{CDAE0DD2-E789-4D45-9A12-659FF2D398EC}"
EndProject
Project("{9A19103F-16F7-4668-BE54-9A1E7A4F7556}") = "industry9.Common", "industry9.Common\industry9.Common.csproj", "{0E9129C5-659D-400D-9743-129766A4BEE3}"
EndProject
Project("{9A19103F-16F7-4668-BE54-9A1E7A4F7556}") = "industry9.DataModel", "industry9.DataModel\industry9.DataModel.csproj", "{3333819B-B281-4B17-9AD2-ADEA05F0B447}"
EndProject
Project("{9A19103F-16F7-4668-BE54-9A1E7A4F7556}") = "industry9.DataModel.UI", "industry9.DataModel.UI\industry9.DataModel.UI.csproj", "{08DC2051-0528-4027-BAC9-9AE9450285AE}"
EndProject
Project("{9A19103F-16F7-4668-BE54-9A1E7A4F7556}") = "industry9.GraphQL.UI", "industry9.GraphQL.UI\industry9.GraphQL.UI.csproj", "{76CB8208-5C63-487E-9652-E0F884BD7899}"
EndProject
Project("{9A19103F-16F7-4668-BE54-9A1E7A4F7556}") = "industry9.UI", "industry9.UI\industry9.UI.csproj", "{7565C7E9-DAF4-4DA7-A900-273ADE1EB36F}"
EndProject
Project("{9A19103F-16F7-4668-BE54-9A1E7A4F7556}") = "industry9.DataSource", "industry9.DataSource\industry9.DataSource.csproj", "{1802C720-4656-4B80-9C34-84C2F12B21E8}"
EndProject
Project("{9A19103F-16F7-4668-BE54-9A1E7A4F7556}") = "industry9.Database", "industry9.Database\industry9.Database.csproj", "{A1403CB1-5678-4BDD-B1DD-BF557B14C839}"
EndProject
Global
	GlobalSection(SolutionConfigurationPlatforms) = preSolution
		Debug|Any CPU = Debug|Any CPU
		Release|Any CPU = Release|Any CPU
	EndGlobalSection
	GlobalSection(ProjectConfigurationPlatforms) = postSolution
		{07C2B9E5-E635-48DB-AF57-B14F018410D6}.Debug|Any CPU.ActiveCfg = Debug|Any CPU
		{07C2B9E5-E635-48DB-AF57-B14F018410D6}.Debug|Any CPU.Build.0 = Debug|Any CPU
		{07C2B9E5-E635-48DB-AF57-B14F018410D6}.Release|Any CPU.ActiveCfg = Release|Any CPU
		{07C2B9E5-E635-48DB-AF57-B14F018410D6}.Release|Any CPU.Build.0 = Release|Any CPU
		{C238DB6E-5E9E-404B-9449-F36C28A28DEB}.Debug|Any CPU.ActiveCfg = Debug|Any CPU
		{C238DB6E-5E9E-404B-9449-F36C28A28DEB}.Debug|Any CPU.Build.0 = Debug|Any CPU
		{C238DB6E-5E9E-404B-9449-F36C28A28DEB}.Release|Any CPU.ActiveCfg = Release|Any CPU
		{C238DB6E-5E9E-404B-9449-F36C28A28DEB}.Release|Any CPU.Build.0 = Release|Any CPU
		{CDAE0DD2-E789-4D45-9A12-659FF2D398EC}.Debug|Any CPU.ActiveCfg = Debug|Any CPU
		{CDAE0DD2-E789-4D45-9A12-659FF2D398EC}.Debug|Any CPU.Build.0 = Debug|Any CPU
		{CDAE0DD2-E789-4D45-9A12-659FF2D398EC}.Release|Any CPU.ActiveCfg = Release|Any CPU
		{CDAE0DD2-E789-4D45-9A12-659FF2D398EC}.Release|Any CPU.Build.0 = Release|Any CPU
		{0E9129C5-659D-400D-9743-129766A4BEE3}.Debug|Any CPU.ActiveCfg = Debug|Any CPU
		{0E9129C5-659D-400D-9743-129766A4BEE3}.Debug|Any CPU.Build.0 = Debug|Any CPU
		{0E9129C5-659D-400D-9743-129766A4BEE3}.Release|Any CPU.ActiveCfg = Release|Any CPU
		{0E9129C5-659D-400D-9743-129766A4BEE3}.Release|Any CPU.Build.0 = Release|Any CPU
		{3333819B-B281-4B17-9AD2-ADEA05F0B447}.Debug|Any CPU.ActiveCfg = Debug|Any CPU
		{3333819B-B281-4B17-9AD2-ADEA05F0B447}.Debug|Any CPU.Build.0 = Debug|Any CPU
		{3333819B-B281-4B17-9AD2-ADEA05F0B447}.Release|Any CPU.ActiveCfg = Release|Any CPU
		{3333819B-B281-4B17-9AD2-ADEA05F0B447}.Release|Any CPU.Build.0 = Release|Any CPU
		{08DC2051-0528-4027-BAC9-9AE9450285AE}.Debug|Any CPU.ActiveCfg = Debug|Any CPU
		{08DC2051-0528-4027-BAC9-9AE9450285AE}.Debug|Any CPU.Build.0 = Debug|Any CPU
		{08DC2051-0528-4027-BAC9-9AE9450285AE}.Release|Any CPU.ActiveCfg = Release|Any CPU
		{08DC2051-0528-4027-BAC9-9AE9450285AE}.Release|Any CPU.Build.0 = Release|Any CPU
		{76CB8208-5C63-487E-9652-E0F884BD7899}.Debug|Any CPU.ActiveCfg = Debug|Any CPU
		{76CB8208-5C63-487E-9652-E0F884BD7899}.Debug|Any CPU.Build.0 = Debug|Any CPU
		{76CB8208-5C63-487E-9652-E0F884BD7899}.Release|Any CPU.ActiveCfg = Release|Any CPU
		{76CB8208-5C63-487E-9652-E0F884BD7899}.Release|Any CPU.Build.0 = Release|Any CPU
		{7565C7E9-DAF4-4DA7-A900-273ADE1EB36F}.Debug|Any CPU.ActiveCfg = Debug|Any CPU
		{7565C7E9-DAF4-4DA7-A900-273ADE1EB36F}.Debug|Any CPU.Build.0 = Debug|Any CPU
		{7565C7E9-DAF4-4DA7-A900-273ADE1EB36F}.Release|Any CPU.ActiveCfg = Release|Any CPU
		{7565C7E9-DAF4-4DA7-A900-273ADE1EB36F}.Release|Any CPU.Build.0 = Release|Any CPU
		{1802C720-4656-4B80-9C34-84C2F12B21E8}.Debug|Any CPU.ActiveCfg = Debug|Any CPU
		{1802C720-4656-4B80-9C34-84C2F12B21E8}.Debug|Any CPU.Build.0 = Debug|Any CPU
		{1802C720-4656-4B80-9C34-84C2F12B21E8}.Release|Any CPU.ActiveCfg = Release|Any CPU
		{1802C720-4656-4B80-9C34-84C2F12B21E8}.Release|Any CPU.Build.0 = Release|Any CPU
		{A1403CB1-5678-4BDD-B1DD-BF557B14C839}.Debug|Any CPU.ActiveCfg = Debug|Any CPU
		{A1403CB1-5678-4BDD-B1DD-BF557B14C839}.Debug|Any CPU.Build.0 = Debug|Any CPU
		{A1403CB1-5678-4BDD-B1DD-BF557B14C839}.Release|Any CPU.ActiveCfg = Release|Any CPU
		{A1403CB1-5678-4BDD-B1DD-BF557B14C839}.Release|Any CPU.Build.0 = Release|Any CPU
	EndGlobalSection
	GlobalSection(SolutionProperties) = preSolution
		HideSolutionNode = FALSE
	EndGlobalSection
	GlobalSection(ExtensibilityGlobals) = postSolution
		SolutionGuid = {196486E3-3E06-4949-A22D-EE2D132FC140}
	EndGlobalSection
EndGlobal
